<?xml version="1.0" encoding="utf-8"?>
<Project ToolsVersion="4.0" xmlns="http://schemas.microsoft.com/developer/msbuild/2003">
  <ItemGroup>
    <Filter Include="Source Files">
      <UniqueIdentifier>{4FC737F1-C7A5-4376-A066-2A32D752A2FF}</UniqueIdentifier>
      <Extensions>cpp;cxx;c;def</Extensions>
    </Filter>
    <Filter Include="Header Files">
      <UniqueIdentifier>{93995380-89BD-4b04-88EB-625FBE52EBFB}</UniqueIdentifier>
      <Extensions>h</Extensions>
    </Filter>
    <Filter Include="Form Files">
      <UniqueIdentifier>{99349809-55BA-4b9d-BF79-8FDBB0286EB3}</UniqueIdentifier>
      <Extensions>ui</Extensions>
    </Filter>
    <Filter Include="Resource Files">
      <UniqueIdentifier>{D9D6E242-F8AF-46E4-B9FD-80ECBC20BA3E}</UniqueIdentifier>
      <Extensions>qrc;*</Extensions>
      <ParseFiles>false</ParseFiles>
    </Filter>
    <Filter Include="Generated Files">
      <UniqueIdentifier>{71ED8ED8-ACB9-4CE9-BBE1-E00B30144E11}</UniqueIdentifier>
      <Extensions>moc;h;cpp</Extensions>
      <SourceControlFiles>False</SourceControlFiles>
    </Filter>
    <Filter Include="Generated Files\Debug">
      <UniqueIdentifier>{a08086f7-00b2-453f-9462-5fd1eb26ebce}</UniqueIdentifier>
      <Extensions>cpp;moc</Extensions>
      <SourceControlFiles>False</SourceControlFiles>
    </Filter>
    <Filter Include="Generated Files\Release">
      <UniqueIdentifier>{751d58c3-bc3f-4a3f-af7f-8dca706ba53b}</UniqueIdentifier>
      <Extensions>cpp;moc</Extensions>
      <SourceControlFiles>False</SourceControlFiles>
    </Filter>
  </ItemGroup>
  <ItemGroup>
    <ClCompile Include="qt_memorycursor.cpp">
      <Filter>Source Files</Filter>
    </ClCompile>
    <ClCompile Include="qt_memoryscrollbar.cpp">
      <Filter>Source Files</Filter>
    </ClCompile>
    <ClCompile Include="GeneratedFiles\Debug\moc_qt_memoryscrollbar.cpp">
      <Filter>Generated Files\Debug</Filter>
    </ClCompile>
    <ClCompile Include="GeneratedFiles\Release\moc_qt_memoryscrollbar.cpp">
      <Filter>Generated Files\Release</Filter>
    </ClCompile>
    <ClCompile Include="qt_memoryspinbox.cpp">
      <Filter>Source Files</Filter>
    </ClCompile>
    <ClCompile Include="GeneratedFiles\Debug\moc_qt_memoryspinbox.cpp">
      <Filter>Generated Files\Debug</Filter>
    </ClCompile>
    <ClCompile Include="GeneratedFiles\Release\moc_qt_memoryspinbox.cpp">
      <Filter>Generated Files\Release</Filter>
    </ClCompile>
    <ClCompile Include="qt_memoryviewer.cpp">
      <Filter>Source Files</Filter>
    </ClCompile>
    <ClCompile Include="GeneratedFiles\Debug\moc_qt_memoryviewer.cpp">
      <Filter>Generated Files\Debug</Filter>
    </ClCompile>
    <ClCompile Include="GeneratedFiles\Release\moc_qt_memoryviewer.cpp">
      <Filter>Generated Files\Release</Filter>
    </ClCompile>
    <ClCompile Include="qt_memorywidget.cpp">
      <Filter>Source Files</Filter>
    </ClCompile>
    <ClCompile Include="GeneratedFiles\Debug\moc_qt_memorywidget.cpp">
      <Filter>Generated Files\Debug</Filter>
    </ClCompile>
    <ClCompile Include="GeneratedFiles\Release\moc_qt_memorywidget.cpp">
      <Filter>Generated Files\Release</Filter>
    </ClCompile>
    <ClCompile Include="qt_translate.cpp">
      <Filter>Source Files</Filter>
    </ClCompile>
    <ClCompile Include="pspe4all-dbg.qt5.cpp">
      <Filter>Source Files</Filter>
    </ClCompile>
    <ClCompile Include="GeneratedFiles\qrc_pspe4all-dbg.qt5.cpp">
      <Filter>Generated Files</Filter>
    </ClCompile>
    <ClCompile Include="qt_mainwindow.cpp">
      <Filter>Source Files</Filter>
    </ClCompile>
    <ClCompile Include="GeneratedFiles\Debug\moc_qt_mainwindow.cpp">
      <Filter>Generated Files\Debug</Filter>
    </ClCompile>
    <ClCompile Include="GeneratedFiles\Release\moc_qt_mainwindow.cpp">
      <Filter>Generated Files\Release</Filter>
    </ClCompile>
    <ClCompile Include="..\pspe4all\src\lle.mmu.cpp">
      <Filter>Source Files</Filter>
    </ClCompile>
  </ItemGroup>
  <ItemGroup>
    <ClInclude Include="qt_memorycursor.h">
      <Filter>Source Files</Filter>
    </ClInclude>
    <ClInclude Include="GeneratedFiles\ui_qt_memoryviewer.h">
      <Filter>Generated Files</Filter>
    </ClInclude>
    <ClInclude Include="qt_translate.h">
      <Filter>Source Files</Filter>
    </ClInclude>
    <ClInclude Include="pspe4all-dbg.qt5.h">
      <Filter>Header Files</Filter>
    </ClInclude>
    <ClInclude Include="GeneratedFiles\ui_qt_mainwindow.h">
      <Filter>Generated Files</Filter>
    </ClInclude>
  </ItemGroup>
  <ItemGroup>
    <CustomBuild Include="qt_memoryscrollbar.h">
      <Filter>Source Files</Filter>
    </CustomBuild>
    <CustomBuild Include="qt_memoryspinbox.h">
      <Filter>Source Files</Filter>
    </CustomBuild>
    <CustomBuild Include="qt_memoryviewer.h">
      <Filter>Source Files</Filter>
    </CustomBuild>
    <CustomBuild Include="qt_memorywidget.h">
      <Filter>Source Files</Filter>
    </CustomBuild>
    <CustomBuild Include="pspe4all-dbg.qt5.qrc">
      <Filter>Resource Files</Filter>
    </CustomBuild>
    <CustomBuild Include="qt_mainwindow.h">
      <Filter>Source Files</Filter>
    </CustomBuild>
    <CustomBuild Include="qt_memoryviewer.ui">
      <Filter>Form Files</Filter>
    </CustomBuild>
    <CustomBuild Include="qt_mainwindow.ui">
      <Filter>Form Files</Filter>
    </CustomBuild>
  </ItemGroup>
  <ItemGroup>
    <ResourceCompile Include="pspe4all-dbg.qt5.rc" />
  </ItemGroup>
  <ItemGroup>
    <None Include="res\PauseIcon.png">
      <Filter>Resource Files</Filter>
    </None>
    <None Include="res\PlayIcon.png">
      <Filter>Resource Files</Filter>
    </None>
    <None Include="res\StepIntoIcon.png">
      <Filter>Resource Files</Filter>
    </None>
    <None Include="res\StepOutIcon.png">
      <Filter>Resource Files</Filter>
    </None>
    <None Include="res\StepOverIcon.png">
      <Filter>Resource Files</Filter>
    </None>
  </ItemGroup>
</Project>